{
  "originHash" : "a2fc303e4b16c93c972ef2ddc4042cf91a9400e5d1639bc9740a80c0336cdd4e",
  "pins" : [
    {
      "identity" : "posthog-ios",
      "kind" : "remoteSourceControl",
      "location" : "https://github.com/PostHog/posthog-ios",
      "state" : {
        "revision" : "38dc32a8b80da53ed6736a7ea696b324881c3d40",
        "version" : "3.41.2"
      }
    }
  ],
  "version" : 3
}
